
Microsoft Visual Studio Solution File, Format Version 12.00
# Visual Studio Version 16
VisualStudioVersion = 16.0.28803.352
MinimumVisualStudioVersion = 10.0.40219.1
Project("{FAE04EC0-301F-11D3-BF4B-00C04F79EFBC}") = "WebApplication3", "WebApplication3\WebApplication3.csproj", "{D706DBCE-5B27-4A5F-BFAC-55B034310EB1}"
EndProject
Global
	GlobalSection(SolutionConfigurationPlatforms) = preSolution
		Debug|Any CPU = Debug|Any CPU
		Release|Any CPU = Release|Any CPU
	EndGlobalSection
	GlobalSection(ProjectConfigurationPlatforms) = postSolution
		{D706DBCE-5B27-4A5F-BFAC-55B034310EB1}.Debug|Any CPU.ActiveCfg = Debug|Any CPU
		{D706DBCE-5B27-4A5F-BFAC-55B034310EB1}.Debug|Any CPU.Build.0 = Debug|Any CPU
		{D706DBCE-5B27-4A5F-BFAC-55B034310EB1}.Release|Any CPU.ActiveCfg = Release|Any CPU
		{D706DBCE-5B27-4A5F-BFAC-55B034310EB1}.Release|Any CPU.Build.0 = Release|Any CPU
	EndGlobalSection
	GlobalSection(SolutionProperties) = preSolution
		HideSolutionNode = FALSE
	EndGlobalSection
	GlobalSection(ExtensibilityGlobals) = postSolution
		SolutionGuid = {9749B7D9-BA22-48D3-94F4-82FE8EB48196}
	EndGlobalSection
EndGlobal
